{
  "name": "wdc2_js",
  "version": "1.0.0",
  "lockfileVersion": 1,
  "requires": true,
  "dependencies": {
    "bitwise": {
      "version": "1.5.2",
      "resolved": "https://registry.npmjs.org/bitwise/-/bitwise-1.5.2.tgz",
      "integrity": "sha512-ud35crmZQTO6jAhCxmpDO8cMgu8h72wBxwd+0fzFKETX8Iz0BkB7PkBNabAWgq3DZm1rSr1LKobUucBneo0hxA=="
    }
  }
}
